
Microsoft Visual Studio Solution File, Format Version 12.00
# Visual Studio Version 17
VisualStudioVersion = 17.11.35327.3
MinimumVisualStudioVersion = 10.0.40219.1
Project("{FAE04EC0-301F-11D3-BF4B-00C04F79EFBC}") = "SmartEyewearStore", "SmartEyewearStore\SmartEyewearStore.csproj", "{B7CD662D-2E9E-4C38-94AB-802FC4E5AB81}"
EndProject
Global
	GlobalSection(SolutionConfigurationPlatforms) = preSolution
		Debug|Any CPU = Debug|Any CPU
		Release|Any CPU = Release|Any CPU
	EndGlobalSection
	GlobalSection(ProjectConfigurationPlatforms) = postSolution
		{B7CD662D-2E9E-4C38-94AB-802FC4E5AB81}.Debug|Any CPU.ActiveCfg = Debug|Any CPU
		{B7CD662D-2E9E-4C38-94AB-802FC4E5AB81}.Debug|Any CPU.Build.0 = Debug|Any CPU
		{B7CD662D-2E9E-4C38-94AB-802FC4E5AB81}.Release|Any CPU.ActiveCfg = Release|Any CPU
		{B7CD662D-2E9E-4C38-94AB-802FC4E5AB81}.Release|Any CPU.Build.0 = Release|Any CPU
	EndGlobalSection
	GlobalSection(SolutionProperties) = preSolution
		HideSolutionNode = FALSE
	EndGlobalSection
	GlobalSection(ExtensibilityGlobals) = postSolution
		SolutionGuid = {E691C91F-0CF1-42C0-A4D6-6238569917A7}
	EndGlobalSection
EndGlobal
